
Microsoft Visual Studio Solution File, Format Version 12.00
# Visual Studio 2013
VisualStudioVersion = 12.0.31101.0
MinimumVisualStudioVersion = 10.0.40219.1
Project("{FAE04EC0-301F-11D3-BF4B-00C04F79EFBC}") = "Okarta.Web", "src\Okarta.Web\Okarta.Web.csproj", "{5D7D8AE4-5023-4F59-8A7E-97B0E30D6404}"
EndProject
Project("{FAE04EC0-301F-11D3-BF4B-00C04F79EFBC}") = "Okarta.Data", "src\Okarta.Data\Okarta.Data.csproj", "{D8A3F2D0-D531-4259-917F-4C2C933DE1DE}"
EndProject
Project("{FAE04EC0-301F-11D3-BF4B-00C04F79EFBC}") = "BamPi.NHibernate", "src\BamPi.NHibernate\BamPi.NHibernate.csproj", "{E9FDCE87-C6DA-455B-AEE4-AAFCC0F70FBA}"
EndProject
Project("{FAE04EC0-301F-11D3-BF4B-00C04F79EFBC}") = "Okarta.Web.Host", "src\Okarta.Web.Host\Okarta.Web.Host.csproj", "{E44DE368-3329-4AFD-90AF-796C8116FE73}"
EndProject
Global
	GlobalSection(SolutionConfigurationPlatforms) = preSolution
		Debug|Any CPU = Debug|Any CPU
		Release|Any CPU = Release|Any CPU
	EndGlobalSection
	GlobalSection(ProjectConfigurationPlatforms) = postSolution
		{5D7D8AE4-5023-4F59-8A7E-97B0E30D6404}.Debug|Any CPU.ActiveCfg = Debug|Any CPU
		{5D7D8AE4-5023-4F59-8A7E-97B0E30D6404}.Debug|Any CPU.Build.0 = Debug|Any CPU
		{5D7D8AE4-5023-4F59-8A7E-97B0E30D6404}.Release|Any CPU.ActiveCfg = Release|Any CPU
		{5D7D8AE4-5023-4F59-8A7E-97B0E30D6404}.Release|Any CPU.Build.0 = Release|Any CPU
		{D8A3F2D0-D531-4259-917F-4C2C933DE1DE}.Debug|Any CPU.ActiveCfg = Debug|Any CPU
		{D8A3F2D0-D531-4259-917F-4C2C933DE1DE}.Debug|Any CPU.Build.0 = Debug|Any CPU
		{D8A3F2D0-D531-4259-917F-4C2C933DE1DE}.Release|Any CPU.ActiveCfg = Release|Any CPU
		{D8A3F2D0-D531-4259-917F-4C2C933DE1DE}.Release|Any CPU.Build.0 = Release|Any CPU
		{E9FDCE87-C6DA-455B-AEE4-AAFCC0F70FBA}.Debug|Any CPU.ActiveCfg = Debug|Any CPU
		{E9FDCE87-C6DA-455B-AEE4-AAFCC0F70FBA}.Debug|Any CPU.Build.0 = Debug|Any CPU
		{E9FDCE87-C6DA-455B-AEE4-AAFCC0F70FBA}.Release|Any CPU.ActiveCfg = Release|Any CPU
		{E9FDCE87-C6DA-455B-AEE4-AAFCC0F70FBA}.Release|Any CPU.Build.0 = Release|Any CPU
		{E44DE368-3329-4AFD-90AF-796C8116FE73}.Debug|Any CPU.ActiveCfg = Debug|Any CPU
		{E44DE368-3329-4AFD-90AF-796C8116FE73}.Debug|Any CPU.Build.0 = Debug|Any CPU
		{E44DE368-3329-4AFD-90AF-796C8116FE73}.Release|Any CPU.ActiveCfg = Release|Any CPU
		{E44DE368-3329-4AFD-90AF-796C8116FE73}.Release|Any CPU.Build.0 = Release|Any CPU
	EndGlobalSection
	GlobalSection(SolutionProperties) = preSolution
		HideSolutionNode = FALSE
	EndGlobalSection
EndGlobal
